// See https://aka.ms/new-console-template for more information
//Console.WriteLine("Hello, World!");


//İki sayının farkını bulan c# kodu
//5 sayısının karesini bulan c# kodu 
//10 sayısının 3 ' e bölümünden kalanını bulan  c# kodu 
//Klavyeden girilen 4 sayının toplamını ve çarpımını bulan c# kodu 
//Klavyeden girilen 2 sayının bölümünü bulan c# kodu
//Klavyeden kenarları girilen dikdörtgenler prizmasının hacmini hesaplayan   c# kodu 

//İki sayının farkını bulan c# kodu
Console.WriteLine("İki sayının farkı");
int a = 12;
int b = 10;
int c = a - b;
Console.WriteLine("FARK:" + c);
Console.ReadKey();

//5 sayısının karesini bulan c# kodu 
Console.WriteLine("5 sayısının karesi");
int d = 5;
int karesi = d * d;
Console.WriteLine("5'in karesi:" + karesi);
Console.ReadKey();

//10 sayısının 3 ' e bölümünden kalanını bulan  c# kodu 
Console.WriteLine("10 sayısının 3 ' e bölümünden kalanı");
int e = 10;
int f = 3;
int kalan = e % f;
Console.WriteLine("KALAN:" +kalan);

//Klavyeden girilen 4 sayının toplamını ve çarpımını bulan c# kodu
//TOPLAMLARI
Console.WriteLine("Klavyeden girilen 4 sayının toplamı");
Console.WriteLine("1. sayıyı giriniz");
int sayi_1 = Convert.ToInt32(Console.ReadLine());
Console.WriteLine("2. sayıyı giriniz");
int sayi_2 = Convert.ToInt32(Console.ReadLine());
Console.WriteLine("3. sayıyı giriniz");
int sayi_3 = Convert.ToInt32(Console.ReadLine());
Console.WriteLine("4. sayıyı giriniz");
int sayi_4 = Convert.ToInt32(Console.ReadLine());
int toplam = sayi_1 + sayi_2 + sayi_3 + sayi_4;
Console.WriteLine("TOPLAMLARI:" + toplam);
Console.ReadKey();
//ÇARPIMLARI
Console.WriteLine("Klavyeden girilen 4 sayının çarpımı");
Console.WriteLine("1. sayıyı giriniz");
int sayi_5 = Convert.ToInt32(Console.ReadLine());
Console.WriteLine("2. sayıyı giriniz");
int sayi_6 = Convert.ToInt32(Console.ReadLine());
Console.WriteLine("3. sayıyı giriniz");
int sayi_7 = Convert.ToInt32(Console.ReadLine());
Console.WriteLine("4. sayıyı giriniz");
int sayi_8 = Convert.ToInt32(Console.ReadLine());
int carpim = sayi_5 * sayi_6 * sayi_7 * sayi_8;
Console.WriteLine("TOPLAMLARI:" + carpim);
Console.ReadKey();

//Klavyeden girilen 2 sayının bölümünü bulan c# kodu
Console.WriteLine("Klavyeden girilen 2 sayının bölümü");
Console.WriteLine("1. sayıyı giriniz");
int sayi_10 = Convert.ToInt32(Console.ReadLine());
Console.WriteLine("2. sayıyı giriniz");
int sayi_11 = Convert.ToInt32(Console.ReadLine());
int bolum = sayi_1 / sayi_2;
Console.WriteLine("TOPLAMLARI:" + bolum);
Console.ReadKey();

//Klavyeden kenarları girilen dikdörtgenler prizmasının hacmini hesaplayan   c# kodu 
Console.WriteLine("Klavyeden girilen 4 sayının toplamı");
Console.WriteLine("kısa kenarı giriniz");
int üzün_kenar = Convert.ToInt32(Console.ReadLine());
Console.WriteLine("uzun kenarı giriniz");
int kisa_kenar = Convert.ToInt32(Console.ReadLine());
Console.WriteLine("yüksekliği giriniz");
int yükselik = Convert.ToInt32(Console.ReadLine());
int hacim = üzün_kenar * kisa_kenar * yükselik;
Console.WriteLine("HACMİ:" + hacim);
Console.ReadKey();
