
Microsoft Visual Studio Solution File, Format Version 12.00
# Visual Studio Version 17
VisualStudioVersion = 17.10.35122.118
MinimumVisualStudioVersion = 10.0.40219.1
Project("{FAE04EC0-301F-11D3-BF4B-00C04F79EFBC}") = "4.Hafta", "4.Hafta\4.Hafta.csproj", "{4B766FF9-A061-42AC-A3DC-01EAF53C2EFD}"
EndProject
Global
	GlobalSection(SolutionConfigurationPlatforms) = preSolution
		Debug|Any CPU = Debug|Any CPU
		Release|Any CPU = Release|Any CPU
	EndGlobalSection
	GlobalSection(ProjectConfigurationPlatforms) = postSolution
		{4B766FF9-A061-42AC-A3DC-01EAF53C2EFD}.Debug|Any CPU.ActiveCfg = Debug|Any CPU
		{4B766FF9-A061-42AC-A3DC-01EAF53C2EFD}.Debug|Any CPU.Build.0 = Debug|Any CPU
		{4B766FF9-A061-42AC-A3DC-01EAF53C2EFD}.Release|Any CPU.ActiveCfg = Release|Any CPU
		{4B766FF9-A061-42AC-A3DC-01EAF53C2EFD}.Release|Any CPU.Build.0 = Release|Any CPU
	EndGlobalSection
	GlobalSection(SolutionProperties) = preSolution
		HideSolutionNode = FALSE
	EndGlobalSection
	GlobalSection(ExtensibilityGlobals) = postSolution
		SolutionGuid = {669B9E1A-346D-4A7A-9E25-6DE3A330241E}
	EndGlobalSection
EndGlobal
